
Microsoft Visual Studio Solution File, Format Version 12.00
# Visual Studio Version 17
VisualStudioVersion = 17.3.32929.385
MinimumVisualStudioVersion = 10.0.40219.1
Project("{FAE04EC0-301F-11D3-BF4B-00C04F79EFBC}") = "BuberBreakfast.Contracts", "..\BuberBreakfast.Contracts\BuberBreakfast.Contracts.csproj", "{4EF15205-C3B8-4DD4-841E-7DBFDE93EB34}"
EndProject
Project("{FAE04EC0-301F-11D3-BF4B-00C04F79EFBC}") = "BuberBreakfast", "BuberBreakfast.csproj", "{29E71B7A-0C25-4773-BF62-6534860541E3}"
EndProject
Global
	GlobalSection(SolutionConfigurationPlatforms) = preSolution
		Debug|Any CPU = Debug|Any CPU
		Release|Any CPU = Release|Any CPU
	EndGlobalSection
	GlobalSection(ProjectConfigurationPlatforms) = postSolution
		{4EF15205-C3B8-4DD4-841E-7DBFDE93EB34}.Debug|Any CPU.ActiveCfg = Debug|Any CPU
		{4EF15205-C3B8-4DD4-841E-7DBFDE93EB34}.Debug|Any CPU.Build.0 = Debug|Any CPU
		{4EF15205-C3B8-4DD4-841E-7DBFDE93EB34}.Release|Any CPU.ActiveCfg = Release|Any CPU
		{4EF15205-C3B8-4DD4-841E-7DBFDE93EB34}.Release|Any CPU.Build.0 = Release|Any CPU
		{29E71B7A-0C25-4773-BF62-6534860541E3}.Debug|Any CPU.ActiveCfg = Debug|Any CPU
		{29E71B7A-0C25-4773-BF62-6534860541E3}.Debug|Any CPU.Build.0 = Debug|Any CPU
		{29E71B7A-0C25-4773-BF62-6534860541E3}.Release|Any CPU.ActiveCfg = Release|Any CPU
		{29E71B7A-0C25-4773-BF62-6534860541E3}.Release|Any CPU.Build.0 = Release|Any CPU
	EndGlobalSection
	GlobalSection(SolutionProperties) = preSolution
		HideSolutionNode = FALSE
	EndGlobalSection
	GlobalSection(ExtensibilityGlobals) = postSolution
		SolutionGuid = {30C43FAA-51DA-4DD9-9336-CF4D41C88CA3}
	EndGlobalSection
EndGlobal
